
Microsoft Visual Studio Solution File, Format Version 12.00
# Visual Studio Version 16
VisualStudioVersion = 16.0.29613.14
MinimumVisualStudioVersion = 10.0.40219.1
Project("{FAE04EC0-301F-11D3-BF4B-00C04F79EFBC}") = "WebApplication1", "WebApplication1\WebApplication1.csproj", "{4B115DAE-67AE-4FEE-9842-AB907CBF3D9F}"
EndProject
Global
	GlobalSection(SolutionConfigurationPlatforms) = preSolution
		Debug|Any CPU = Debug|Any CPU
		Release|Any CPU = Release|Any CPU
	EndGlobalSection
	GlobalSection(ProjectConfigurationPlatforms) = postSolution
		{4B115DAE-67AE-4FEE-9842-AB907CBF3D9F}.Debug|Any CPU.ActiveCfg = Debug|Any CPU
		{4B115DAE-67AE-4FEE-9842-AB907CBF3D9F}.Debug|Any CPU.Build.0 = Debug|Any CPU
		{4B115DAE-67AE-4FEE-9842-AB907CBF3D9F}.Release|Any CPU.ActiveCfg = Release|Any CPU
		{4B115DAE-67AE-4FEE-9842-AB907CBF3D9F}.Release|Any CPU.Build.0 = Release|Any CPU
	EndGlobalSection
	GlobalSection(SolutionProperties) = preSolution
		HideSolutionNode = FALSE
	EndGlobalSection
	GlobalSection(ExtensibilityGlobals) = postSolution
		SolutionGuid = {D761F52B-1C0A-4A57-936B-328CB76D7676}
	EndGlobalSection
EndGlobal
