
Microsoft Visual Studio Solution File, Format Version 12.00
# Visual Studio Version 16
VisualStudioVersion = 16.0.29728.190
MinimumVisualStudioVersion = 10.0.40219.1
Project("{FAE04EC0-301F-11D3-BF4B-00C04F79EFBC}") = "Test", "Test\Test.csproj", "{6B4081E8-A236-4FB5-B9C3-37801AA2D45F}"
EndProject
Global
	GlobalSection(SolutionConfigurationPlatforms) = preSolution
		Debug|Any CPU = Debug|Any CPU
		Release|Any CPU = Release|Any CPU
	EndGlobalSection
	GlobalSection(ProjectConfigurationPlatforms) = postSolution
		{6B4081E8-A236-4FB5-B9C3-37801AA2D45F}.Debug|Any CPU.ActiveCfg = Debug|Any CPU
		{6B4081E8-A236-4FB5-B9C3-37801AA2D45F}.Debug|Any CPU.Build.0 = Debug|Any CPU
		{6B4081E8-A236-4FB5-B9C3-37801AA2D45F}.Release|Any CPU.ActiveCfg = Release|Any CPU
		{6B4081E8-A236-4FB5-B9C3-37801AA2D45F}.Release|Any CPU.Build.0 = Release|Any CPU
	EndGlobalSection
	GlobalSection(SolutionProperties) = preSolution
		HideSolutionNode = FALSE
	EndGlobalSection
	GlobalSection(ExtensibilityGlobals) = postSolution
		SolutionGuid = {7D300112-759B-47C3-A67E-7D79535014AF}
	EndGlobalSection
EndGlobal
