
Microsoft Visual Studio Solution File, Format Version 12.00
# Visual Studio Version 16
VisualStudioVersion = 16.0.29613.14
MinimumVisualStudioVersion = 10.0.40219.1
Project("{FAE04EC0-301F-11D3-BF4B-00C04F79EFBC}") = "HttpRequesterPicture", "HttpRequesterPicture\HttpRequesterPicture.csproj", "{43D5DCA5-CA61-4530-9E09-42D2BE033C4B}"
EndProject
Global
	GlobalSection(SolutionConfigurationPlatforms) = preSolution
		Debug|Any CPU = Debug|Any CPU
		Release|Any CPU = Release|Any CPU
	EndGlobalSection
	GlobalSection(ProjectConfigurationPlatforms) = postSolution
		{43D5DCA5-CA61-4530-9E09-42D2BE033C4B}.Debug|Any CPU.ActiveCfg = Debug|Any CPU
		{43D5DCA5-CA61-4530-9E09-42D2BE033C4B}.Debug|Any CPU.Build.0 = Debug|Any CPU
		{43D5DCA5-CA61-4530-9E09-42D2BE033C4B}.Release|Any CPU.ActiveCfg = Release|Any CPU
		{43D5DCA5-CA61-4530-9E09-42D2BE033C4B}.Release|Any CPU.Build.0 = Release|Any CPU
	EndGlobalSection
	GlobalSection(SolutionProperties) = preSolution
		HideSolutionNode = FALSE
	EndGlobalSection
	GlobalSection(ExtensibilityGlobals) = postSolution
		SolutionGuid = {010F86B2-3408-4449-955C-BC922A5296B0}
	EndGlobalSection
EndGlobal
